// !$*UTF8*$!
{
	archiveVersion = 1;
	classes = {
	};
	objectVersion = 50;
	objects = {

/* Begin PBXBuildFile section */
		0EBB7A2C25B2D5A20084129D /* AppDelegate.swift in Sources */ = {isa = PBXBuildFile; fileRef = 0EBB7A2B25B2D5A20084129D /* AppDelegate.swift */; };
		0EBB7A2E25B2D5A20084129D /* SceneDelegate.swift in Sources */ = {isa = PBXBuildFile; fileRef = 0EBB7A2D25B2D5A20084129D /* SceneDelegate.swift */; };
		0EBB7A3025B2D5A20084129D /* ContentView.swift in Sources */ = {isa = PBXBuildFile; fileRef = 0EBB7A2F25B2D5A20084129D /* ContentView.swift */; };
		0EBB7A3225B2D5A40084129D /* Assets.xcassets in Resources */ = {isa = PBXBuildFile; fileRef = 0EBB7A3125B2D5A40084129D /* Assets.xcassets */; };
		0EBB7A3525B2D5A40084129D /* Preview Assets.xcassets in Resources */ = {isa = PBXBuildFile; fileRef = 0EBB7A3425B2D5A40084129D /* Preview Assets.xcassets */; };
		0EBB7A3825B2D5A40084129D /* LaunchScreen.storyboard in Resources */ = {isa = PBXBuildFile; fileRef = 0EBB7A3625B2D5A40084129D /* LaunchScreen.storyboard */; };
		0EBB7A4125B2D5BF0084129D /* AlertView.swift in Sources */ = {isa = PBXBuildFile; fileRef = 0EBB7A4025B2D5BF0084129D /* AlertView.swift */; };
/* End PBXBuildFile section */

/* Begin PBXFileReference section */
		0EBB7A2825B2D5A20084129D /* CustomAlertInSwiftUI.app */ = {isa = PBXFileReference; explicitFileType = wrapper.application; includeInIndex = 0; path = CustomAlertInSwiftUI.app; sourceTree = BUILT_PRODUCTS_DIR; };
		0EBB7A2B25B2D5A20084129D /* AppDelegate.swift */ = {isa = PBXFileReference; lastKnownFileType = sourcecode.swift; path = AppDelegate.swift; sourceTree = "<group>"; };
		0EBB7A2D25B2D5A20084129D /* SceneDelegate.swift */ = {isa = PBXFileReference; lastKnownFileType = sourcecode.swift; path = SceneDelegate.swift; sourceTree = "<group>"; };
		0EBB7A2F25B2D5A20084129D /* ContentView.swift */ = {isa = PBXFileReference; lastKnownFileType = sourcecode.swift; path = ContentView.swift; sourceTree = "<group>"; };
		0EBB7A3125B2D5A40084129D /* Assets.xcassets */ = {isa = PBXFileReference; lastKnownFileType = folder.assetcatalog; path = Assets.xcassets; sourceTree = "<group>"; };
		0EBB7A3425B2D5A40084129D /* Preview Assets.xcassets */ = {isa = PBXFileReference; lastKnownFileType = folder.assetcatalog; path = "Preview Assets.xcassets"; sourceTree = "<group>"; };
		0EBB7A3725B2D5A40084129D /* Base */ = {isa = PBXFileReference; lastKnownFileType = file.storyboard; name = Base; path = Base.lproj/LaunchScreen.storyboard; sourceTree = "<group>"; };
		0EBB7A3925B2D5A40084129D /* Info.plist */ = {isa = PBXFileReference; lastKnownFileType = text.plist.xml; path = Info.plist; sourceTree = "<group>"; };
		0EBB7A4025B2D5BF0084129D /* AlertView.swift */ = {isa = PBXFileReference; lastKnownFileType = sourcecode.swift; path = AlertView.swift; sourceTree = "<group>"; };
/* End PBXFileReference section */

/* Begin PBXFrameworksBuildPhase section */
		0EBB7A2525B2D5A20084129D /* Frameworks */ = {
			isa = PBXFrameworksBuildPhase;
			buildActionMask = 2147483647;
			files = (
			);
			runOnlyForDeploymentPostprocessing = 0;
		};
/* End PBXFrameworksBuildPhase section */

/* Begin PBXGroup section */
		0EBB7A1F25B2D5A20084129D = {
			isa = PBXGroup;
			children = (
				0EBB7A2A25B2D5A20084129D /* CustomAlertInSwiftUI */,
				0EBB7A2925B2D5A20084129D /* Products */,
			);
			sourceTree = "<group>";
		};
		0EBB7A2925B2D5A20084129D /* Products */ = {
			isa = PBXGroup;
			children = (
				0EBB7A2825B2D5A20084129D /* CustomAlertInSwiftUI.app */,
			);
			name = Products;
			sourceTree = "<group>";
		};
		0EBB7A2A25B2D5A20084129D /* CustomAlertInSwiftUI */ = {
			isa = PBXGroup;
			children = (
				0EBB7A2B25B2D5A20084129D /* AppDelegate.swift */,
				0EBB7A2D25B2D5A20084129D /* SceneDelegate.swift */,
				0EBB7A2F25B2D5A20084129D /* ContentView.swift */,
				0EBB7A3125B2D5A40084129D /* Assets.xcassets */,
				0EBB7A3625B2D5A40084129D /* LaunchScreen.storyboard */,
				0EBB7A3925B2D5A40084129D /* Info.plist */,
				0EBB7A3325B2D5A40084129D /* Preview Content */,
				0EBB7A4025B2D5BF0084129D /* AlertView.swift */,
			);
			path = CustomAlertInSwiftUI;
			sourceTree = "<group>";
		};
		0EBB7A3325B2D5A40084129D /* Preview Content */ = {
			isa = PBXGroup;
			children = (
				0EBB7A3425B2D5A40084129D /* Preview Assets.xcassets */,
			);
			path = "Preview Content";
			sourceTree = "<group>";
		};
/* End PBXGroup section */

/* Begin PBXNativeTarget section */
		0EBB7A2725B2D5A20084129D /* CustomAlertInSwiftUI */ = {
			isa = PBXNativeTarget;
			buildConfigurationList = 0EBB7A3C25B2D5A40084129D /* Build configuration list for PBXNativeTarget "CustomAlertInSwiftUI" */;
			buildPhases = (
				0EBB7A2425B2D5A20084129D /* Sources */,
				0EBB7A2525B2D5A20084129D /* Frameworks */,
				0EBB7A2625B2D5A20084129D /* Resources */,
			);
			buildRules = (
			);
			dependencies = (
			);
			name = CustomAlertInSwiftUI;
			productName = CustomAlertInSwiftUI;
			productReference = 0EBB7A2825B2D5A20084129D /* CustomAlertInSwiftUI.app */;
			productType = "com.apple.product-type.application";
		};
/* End PBXNativeTarget section */

/* Begin PBXProject section */
		0EBB7A2025B2D5A20084129D /* Project object */ = {
			isa = PBXProject;
			attributes = {
				LastSwiftUpdateCheck = 1200;
				LastUpgradeCheck = 1200;
				TargetAttributes = {
					0EBB7A2725B2D5A20084129D = {
						CreatedOnToolsVersion = 12.0.1;
					};
				};
			};
			buildConfigurationList = 0EBB7A2325B2D5A20084129D /* Build configuration list for PBXProject "CustomAlertInSwiftUI" */;
			compatibilityVersion = "Xcode 9.3";
			developmentRegion = en;
			hasScannedForEncodings = 0;
			knownRegions = (
				en,
				Base,
			);
			mainGroup = 0EBB7A1F25B2D5A20084129D;
			productRefGroup = 0EBB7A2925B2D5A20084129D /* Products */;
			projectDirPath = "";
			projectRoot = "";
			targets = (
				0EBB7A2725B2D5A20084129D /* CustomAlertInSwiftUI */,
			);
		};
/* End PBXProject section */

/* Begin PBXResourcesBuildPhase section */
		0EBB7A2625B2D5A20084129D /* Resources */ = {
			isa = PBXResourcesBuildPhase;
			buildActionMask = 2147483647;
			files = (
				0EBB7A3825B2D5A40084129D /* LaunchScreen.storyboard in Resources */,
				0EBB7A3525B2D5A40084129D /* Preview Assets.xcassets in Resources */,
				0EBB7A3225B2D5A40084129D /* Assets.xcassets in Resources */,
			);
			runOnlyForDeploymentPostprocessing = 0;
		};
/* End PBXResourcesBuildPhase section */

/* Begin PBXSourcesBuildPhase section */
		0EBB7A2425B2D5A20084129D /* Sources */ = {
			isa = PBXSourcesBuildPhase;
			buildActionMask = 2147483647;
			files = (
				0EBB7A2C25B2D5A20084129D /* AppDelegate.swift in Sources */,
				0EBB7A2E25B2D5A20084129D /* SceneDelegate.swift in Sources */,
				0EBB7A3025B2D5A20084129D /* ContentView.swift in Sources */,
				0EBB7A4125B2D5BF0084129D /* AlertView.swift in Sources */,
			);
			runOnlyForDeploymentPostprocessing = 0;
		};
/* End PBXSourcesBuildPhase section */

/* Begin PBXVariantGroup section */
		0EBB7A3625B2D5A40084129D /* LaunchScreen.storyboard */ = {
			isa = PBXVariantGroup;
			children = (
				0EBB7A3725B2D5A40084129D /* Base */,
			);
			name = LaunchScreen.storyboard;
			sourceTree = "<group>";
		};
/* End PBXVariantGroup section */

/* Begin XCBuildConfiguration section */
		0EBB7A3A25B2D5A40084129D /* Debug */ = {
			isa = XCBuildConfiguration;
			buildSettings = {
				ALWAYS_SEARCH_USER_PATHS = NO;
				CLANG_ANALYZER_NONNULL = YES;
				CLANG_ANALYZER_NUMBER_OBJECT_CONVERSION = YES_AGGRESSIVE;
				CLANG_CXX_LANGUAGE_STANDARD = "gnu++14";
				CLANG_CXX_LIBRARY = "libc++";
				CLANG_ENABLE_MODULES = YES;
				CLANG_ENABLE_OBJC_ARC = YES;
				CLANG_ENABLE_OBJC_WEAK = YES;
				CLANG_WARN_BLOCK_CAPTURE_AUTORELEASING = YES;
				CLANG_WARN_BOOL_CONVERSION = YES;
				CLANG_WARN_COMMA = YES;
				CLANG_WARN_CONSTANT_CONVERSION = YES;
				CLANG_WARN_DEPRECATED_OBJC_IMPLEMENTATIONS = YES;
				CLANG_WARN_DIRECT_OBJC_ISA_USAGE = YES_ERROR;
				CLANG_WARN_DOCUMENTATION_COMMENTS = YES;
				CLANG_WARN_EMPTY_BODY = YES;
				CLANG_WARN_ENUM_CONVERSION = YES;
				CLANG_WARN_INFINITE_RECURSION = YES;
				CLANG_WARN_INT_CONVERSION = YES;
				CLANG_WARN_NON_LITERAL_NULL_CONVERSION = YES;
				CLANG_WARN_OBJC_IMPLICIT_RETAIN_SELF = YES;
				CLANG_WARN_OBJC_LITERAL_CONVERSION = YES;
				CLANG_WARN_OBJC_ROOT_CLASS = YES_ERROR;
				CLANG_WARN_QUOTED_INCLUDE_IN_FRAMEWORK_HEADER = YES;
				CLANG_WARN_RANGE_LOOP_ANALYSIS = YES;
				CLANG_WARN_STRICT_PROTOTYPES = YES;
				CLANG_WARN_SUSPICIOUS_MOVE = YES;
				CLANG_WARN_UNGUARDED_AVAILABILITY = YES_AGGRESSIVE;
				CLANG_WARN_UNREACHABLE_CODE = YES;
				CLANG_WARN__DUPLICATE_METHOD_MATCH = YES;
				COPY_PHASE_STRIP = NO;
				DEBUG_INFORMATION_FORMAT = dwarf;
				ENABLE_STRICT_OBJC_MSGSEND = YES;
				ENABLE_TESTABILITY = YES;
				GCC_C_LANGUAGE_STANDARD = gnu11;
				GCC_DYNAMIC_NO_PIC = NO;
				GCC_NO_COMMON_BLOCKS = YES;
				GCC_OPTIMIZATION_LEVEL = 0;
				GCC_PREPROCESSOR_DEFINITIONS = (
					"DEBUG=1",
					"$(inherited)",
				);
				GCC_WARN_64_TO_32_BIT_CONVERSION = YES;
				GCC_WARN_ABOUT_RETURN_TYPE = YES_ERROR;
				GCC_WARN_UNDECLARED_SELECTOR = YES;
				GCC_WARN_UNINITIALIZED_AUTOS = YES_AGGRESSIVE;
				GCC_WARN_UNUSED_FUNCTION = YES;
				GCC_WARN_UNUSED_VARIABLE = YES;
				IPHONEOS_DEPLOYMENT_TARGET = 14.0;
				MTL_ENABLE_DEBUG_INFO = INCLUDE_SOURCE;
				MTL_FAST_MATH = YES;
				ONLY_ACTIVE_ARCH = YES;
				SDKROOT = iphoneos;
				SWIFT_ACTIVE_COMPILATION_CONDITIONS = DEBUG;
				SWIFT_OPTIMIZATION_LEVEL = "-Onone";
			};
			name = Debug;
		};
		0EBB7A3B25B2D5A40084129D /* Release */ = {
			isa = XCBuildConfiguration;
			buildSettings = {
				ALWAYS_SEARCH_USER_PATHS = NO;
				CLANG_ANALYZER_NONNULL = YES;
				CLANG_ANALYZER_NUMBER_OBJECT_CONVERSION = YES_AGGRESSIVE;
				CLANG_CXX_LANGUAGE_STANDARD = "gnu++14";
				CLANG_CXX_LIBRARY = "libc++";
				CLANG_ENABLE_MODULES = YES;
				CLANG_ENABLE_OBJC_ARC = YES;
				CLANG_ENABLE_OBJC_WEAK = YES;
				CLANG_WARN_BLOCK_CAPTURE_AUTORELEASING = YES;
				CLANG_WARN_BOOL_CONVERSION = YES;
				CLANG_WARN_COMMA = YES;
				CLANG_WARN_CONSTANT_CONVERSION = YES;
				CLANG_WARN_DEPRECATED_OBJC_IMPLEMENTATIONS = YES;
				CLANG_WARN_DIRECT_OBJC_ISA_USAGE = YES_ERROR;
				CLANG_WARN_DOCUMENTATION_COMMENTS = YES;
				CLANG_WARN_EMPTY_BODY = YES;
				CLANG_WARN_ENUM_CONVERSION = YES;
				CLANG_WARN_INFINITE_RECURSION = YES;
				CLANG_WARN_INT_CONVERSION = YES;
				CLANG_WARN_NON_LITERAL_NULL_CONVERSION = YES;
				CLANG_WARN_OBJC_IMPLICIT_RETAIN_SELF = YES;
				CLANG_WARN_OBJC_LITERAL_CONVERSION = YES;
				CLANG_WARN_OBJC_ROOT_CLASS = YES_ERROR;
				CLANG_WARN_QUOTED_INCLUDE_IN_FRAMEWORK_HEADER = YES;
				CLANG_WARN_RANGE_LOOP_ANALYSIS = YES;
				CLANG_WARN_STRICT_PROTOTYPES = YES;
				CLANG_WARN_SUSPICIOUS_MOVE = YES;
				CLANG_WARN_UNGUARDED_AVAILABILITY = YES_AGGRESSIVE;
				CLANG_WARN_UNREACHABLE_CODE = YES;
				CLANG_WARN__DUPLICATE_METHOD_MATCH = YES;
				COPY_PHASE_STRIP = NO;
				DEBUG_INFORMATION_FORMAT = "dwarf-with-dsym";
				ENABLE_NS_ASSERTIONS = NO;
				ENABLE_STRICT_OBJC_MSGSEND = YES;
				GCC_C_LANGUAGE_STANDARD = gnu11;
				GCC_NO_COMMON_BLOCKS = YES;
				GCC_WARN_64_TO_32_BIT_CONVERSION = YES;
				GCC_WARN_ABOUT_RETURN_TYPE = YES_ERROR;
				GCC_WARN_UNDECLARED_SELECTOR = YES;
				GCC_WARN_UNINITIALIZED_AUTOS = YES_AGGRESSIVE;
				GCC_WARN_UNUSED_FUNCTION = YES;
				GCC_WARN_UNUSED_VARIABLE = YES;
				IPHONEOS_DEPLOYMENT_TARGET = 14.0;
				MTL_ENABLE_DEBUG_INFO = NO;
				MTL_FAST_MATH = YES;
				SDKROOT = iphoneos;
				SWIFT_COMPILATION_MODE = wholemodule;
				SWIFT_OPTIMIZATION_LEVEL = "-O";
				VALIDATE_PRODUCT = YES;
			};
			name = Release;
		};
		0EBB7A3D25B2D5A40084129D /* Debug */ = {
			isa = XCBuildConfiguration;
			buildSettings = {
				ASSETCATALOG_COMPILER_APPICON_NAME = AppIcon;
				ASSETCATALOG_COMPILER_GLOBAL_ACCENT_COLOR_NAME = AccentColor;
				CODE_SIGN_STYLE = Automatic;
				DEVELOPMENT_ASSET_PATHS = "\"CustomAlertInSwiftUI/Preview Content\"";
				ENABLE_PREVIEWS = YES;
				INFOPLIST_FILE = CustomAlertInSwiftUI/Info.plist;
				LD_RUNPATH_SEARCH_PATHS = (
					"$(inherited)",
					"@executable_path/Frameworks",
				);
				PRODUCT_BUNDLE_IDENTIFIER = LetCreateAnApp.CustomAlertInSwiftUI;
				PRODUCT_NAME = "$(TARGET_NAME)";
				SWIFT_VERSION = 5.0;
				TARGETED_DEVICE_FAMILY = "1,2";
			};
			name = Debug;
		};
		0EBB7A3E25B2D5A40084129D /* Release */ = {
			isa = XCBuildConfiguration;
			buildSettings = {
				ASSETCATALOG_COMPILER_APPICON_NAME = AppIcon;
				ASSETCATALOG_COMPILER_GLOBAL_ACCENT_COLOR_NAME = AccentColor;
				CODE_SIGN_STYLE = Automatic;
				DEVELOPMENT_ASSET_PATHS = "\"CustomAlertInSwiftUI/Preview Content\"";
				ENABLE_PREVIEWS = YES;
				INFOPLIST_FILE = CustomAlertInSwiftUI/Info.plist;
				LD_RUNPATH_SEARCH_PATHS = (
					"$(inherited)",
					"@executable_path/Frameworks",
				);
				PRODUCT_BUNDLE_IDENTIFIER = LetCreateAnApp.CustomAlertInSwiftUI;
				PRODUCT_NAME = "$(TARGET_NAME)";
				SWIFT_VERSION = 5.0;
				TARGETED_DEVICE_FAMILY = "1,2";
			};
			name = Release;
		};
/* End XCBuildConfiguration section */

/* Begin XCConfigurationList section */
		0EBB7A2325B2D5A20084129D /* Build configuration list for PBXProject "CustomAlertInSwiftUI" */ = {
			isa = XCConfigurationList;
			buildConfigurations = (
				0EBB7A3A25B2D5A40084129D /* Debug */,
				0EBB7A3B25B2D5A40084129D /* Release */,
			);
			defaultConfigurationIsVisible = 0;
			defaultConfigurationName = Release;
		};
		0EBB7A3C25B2D5A40084129D /* Build configuration list for PBXNativeTarget "CustomAlertInSwiftUI" */ = {
			isa = XCConfigurationList;
			buildConfigurations = (
				0EBB7A3D25B2D5A40084129D /* Debug */,
				0EBB7A3E25B2D5A40084129D /* Release */,
			);
			defaultConfigurationIsVisible = 0;
			defaultConfigurationName = Release;
		};
/* End XCConfigurationList section */
	};
	rootObject = 0EBB7A2025B2D5A20084129D /* Project object */;
}
